{
  "name": "safespot-backend",
  "version": "0.1.0",
  "lockfileVersion": 3,
  "requires": true,
  "packages": {
    "": {
      "name": "safespot-backend",
      "version": "0.1.0",
      "dependencies": {
        "@hono/node-server": "^1.13.7",
        "hono": "^4.6.10"
      }
    },
    "node_modules/@hono/node-server": {
      "version": "1.19.14",
      "license": "MIT",
      "engines": {
        "node": ">=18.14.1"
      },
      "peerDependencies": {
        "hono": "^4"
      }
    },
    "node_modules/hono": {
      "version": "4.12.23",
      "license": "MIT",
      "engines": {
        "node": ">=16.9.0"
      }
    }
  }
}
